
Microsoft Visual Studio Solution File, Format Version 12.00
# Visual Studio 15
VisualStudioVersion = 15.0.27703.2000
MinimumVisualStudioVersion = 10.0.40219.1
Project("{FAE04EC0-301F-11D3-BF4B-00C04F79EFBC}") = "ParkingConsoleMenu", "ParkingEmulatorTask\ParkingConsoleMenu.csproj", "{475EEC46-B441-4A1E-A8DE-8562E8D811C3}"
EndProject
Project("{FAE04EC0-301F-11D3-BF4B-00C04F79EFBC}") = "ParkingEmulatorLogic", "ParkingEmulatorLogic\ParkingEmulatorLogic.csproj", "{92A146AF-3D43-478F-8C01-6648A2F881B5}"
EndProject
Project("{FAE04EC0-301F-11D3-BF4B-00C04F79EFBC}") = "ParkingRestApi", "ParkingRestApi\ParkingRestApi.csproj", "{81CE79CE-1204-4407-86B9-7B57BB526152}"
EndProject
Global
	GlobalSection(SolutionConfigurationPlatforms) = preSolution
		Debug|Any CPU = Debug|Any CPU
		Release|Any CPU = Release|Any CPU
	EndGlobalSection
	GlobalSection(ProjectConfigurationPlatforms) = postSolution
		{475EEC46-B441-4A1E-A8DE-8562E8D811C3}.Debug|Any CPU.ActiveCfg = Debug|Any CPU
		{475EEC46-B441-4A1E-A8DE-8562E8D811C3}.Debug|Any CPU.Build.0 = Debug|Any CPU
		{475EEC46-B441-4A1E-A8DE-8562E8D811C3}.Release|Any CPU.ActiveCfg = Release|Any CPU
		{475EEC46-B441-4A1E-A8DE-8562E8D811C3}.Release|Any CPU.Build.0 = Release|Any CPU
		{92A146AF-3D43-478F-8C01-6648A2F881B5}.Debug|Any CPU.ActiveCfg = Debug|Any CPU
		{92A146AF-3D43-478F-8C01-6648A2F881B5}.Debug|Any CPU.Build.0 = Debug|Any CPU
		{92A146AF-3D43-478F-8C01-6648A2F881B5}.Release|Any CPU.ActiveCfg = Release|Any CPU
		{92A146AF-3D43-478F-8C01-6648A2F881B5}.Release|Any CPU.Build.0 = Release|Any CPU
		{81CE79CE-1204-4407-86B9-7B57BB526152}.Debug|Any CPU.ActiveCfg = Debug|Any CPU
		{81CE79CE-1204-4407-86B9-7B57BB526152}.Debug|Any CPU.Build.0 = Debug|Any CPU
		{81CE79CE-1204-4407-86B9-7B57BB526152}.Release|Any CPU.ActiveCfg = Release|Any CPU
		{81CE79CE-1204-4407-86B9-7B57BB526152}.Release|Any CPU.Build.0 = Release|Any CPU
	EndGlobalSection
	GlobalSection(SolutionProperties) = preSolution
		HideSolutionNode = FALSE
	EndGlobalSection
	GlobalSection(ExtensibilityGlobals) = postSolution
		SolutionGuid = {EEFE14F3-58C9-4041-9E7B-4F0C77FFC213}
	EndGlobalSection
EndGlobal
